
Microsoft Visual Studio Solution File, Format Version 12.00
# Visual Studio Version 17
VisualStudioVersion = 17.5.002.0
MinimumVisualStudioVersion = 10.0.40219.1
Project("{9A19103F-16F7-4668-BE54-9A1E7A4F7556}") = "Morsekod", "Morsekod.csproj", "{1771818A-D355-4AA9-8BA7-F8A61C135492}"
EndProject
Global
	GlobalSection(SolutionConfigurationPlatforms) = preSolution
		Debug|Any CPU = Debug|Any CPU
		Release|Any CPU = Release|Any CPU
	EndGlobalSection
	GlobalSection(ProjectConfigurationPlatforms) = postSolution
		{1771818A-D355-4AA9-8BA7-F8A61C135492}.Debug|Any CPU.ActiveCfg = Debug|Any CPU
		{1771818A-D355-4AA9-8BA7-F8A61C135492}.Debug|Any CPU.Build.0 = Debug|Any CPU
		{1771818A-D355-4AA9-8BA7-F8A61C135492}.Release|Any CPU.ActiveCfg = Release|Any CPU
		{1771818A-D355-4AA9-8BA7-F8A61C135492}.Release|Any CPU.Build.0 = Release|Any CPU
	EndGlobalSection
	GlobalSection(SolutionProperties) = preSolution
		HideSolutionNode = FALSE
	EndGlobalSection
	GlobalSection(ExtensibilityGlobals) = postSolution
		SolutionGuid = {7214AE34-E708-4694-90B2-538E30D89C3B}
	EndGlobalSection
EndGlobal
