
Microsoft Visual Studio Solution File, Format Version 12.00
# Visual Studio Version 17
VisualStudioVersion = 17.5.002.0
MinimumVisualStudioVersion = 10.0.40219.1
Project("{9A19103F-16F7-4668-BE54-9A1E7A4F7556}") = "Lista1", "Lista1.csproj", "{3C975946-F5DF-49C0-8A1B-C7ED3C419785}"
EndProject
Global
	GlobalSection(SolutionConfigurationPlatforms) = preSolution
		Debug|Any CPU = Debug|Any CPU
		Release|Any CPU = Release|Any CPU
	EndGlobalSection
	GlobalSection(ProjectConfigurationPlatforms) = postSolution
		{3C975946-F5DF-49C0-8A1B-C7ED3C419785}.Debug|Any CPU.ActiveCfg = Debug|Any CPU
		{3C975946-F5DF-49C0-8A1B-C7ED3C419785}.Debug|Any CPU.Build.0 = Debug|Any CPU
		{3C975946-F5DF-49C0-8A1B-C7ED3C419785}.Release|Any CPU.ActiveCfg = Release|Any CPU
		{3C975946-F5DF-49C0-8A1B-C7ED3C419785}.Release|Any CPU.Build.0 = Release|Any CPU
	EndGlobalSection
	GlobalSection(SolutionProperties) = preSolution
		HideSolutionNode = FALSE
	EndGlobalSection
	GlobalSection(ExtensibilityGlobals) = postSolution
		SolutionGuid = {2D2EC20C-E2A8-4AC3-B42B-9E626A591CF2}
	EndGlobalSection
EndGlobal
