
Microsoft Visual Studio Solution File, Format Version 12.00
# Visual Studio Version 17
VisualStudioVersion = 17.5.002.0
MinimumVisualStudioVersion = 10.0.40219.1
Project("{9A19103F-16F7-4668-BE54-9A1E7A4F7556}") = "te23e-prog1-TE23E-Cal-Alstad", "te23e-prog1-TE23E-Cal-Alstad.csproj", "{34971FAE-6293-41FE-AECE-E00209C85074}"
EndProject
Project("{9A19103F-16F7-4668-BE54-9A1E7A4F7556}") = "HelloWorld", "HelloWorld\HelloWorld.csproj", "{F6B40C2C-20ED-46BC-A610-5B8E9AE7EF27}"
EndProject
Project("{2150E333-8FDC-42A3-9474-1A3956D46DE8}") = "Kapitel-1", "Kapitel-1", "{415B5E6C-F397-4370-B558-B392562A78DB}"
EndProject
Project("{9A19103F-16F7-4668-BE54-9A1E7A4F7556}") = "Lucktext", "Kapitel-1\Lucktext\Lucktext.csproj", "{9D18100E-C00C-4176-87CA-84EC47C295B1}"
EndProject
Project("{9A19103F-16F7-4668-BE54-9A1E7A4F7556}") = "Registrering", "Kapitel-1\Registrering\Registrering.csproj", "{31C024D5-52AF-4191-800B-E8BF13E8BBA1}"
EndProject
Project("{2150E333-8FDC-42A3-9474-1A3956D46DE8}") = "Kapitel-3", "Kapitel-3", "{53D9BC44-619C-469B-BB36-240D79300828}"
EndProject
Project("{9A19103F-16F7-4668-BE54-9A1E7A4F7556}") = "EngChart", "Kapitel-3\EngChart\EngChart.csproj", "{09426FE4-24DE-4EE9-9A89-A7967C81302A}"
EndProject
Project("{9A19103F-16F7-4668-BE54-9A1E7A4F7556}") = "InteractivStory", "Kapitel-3\InteractivStory\InteractivStory.csproj", "{1949F5FE-425E-4309-B1D3-C44323A2F176}"
EndProject
Global
	GlobalSection(SolutionConfigurationPlatforms) = preSolution
		Debug|Any CPU = Debug|Any CPU
		Release|Any CPU = Release|Any CPU
	EndGlobalSection
	GlobalSection(ProjectConfigurationPlatforms) = postSolution
		{34971FAE-6293-41FE-AECE-E00209C85074}.Debug|Any CPU.ActiveCfg = Debug|Any CPU
		{34971FAE-6293-41FE-AECE-E00209C85074}.Debug|Any CPU.Build.0 = Debug|Any CPU
		{34971FAE-6293-41FE-AECE-E00209C85074}.Release|Any CPU.ActiveCfg = Release|Any CPU
		{34971FAE-6293-41FE-AECE-E00209C85074}.Release|Any CPU.Build.0 = Release|Any CPU
		{F6B40C2C-20ED-46BC-A610-5B8E9AE7EF27}.Debug|Any CPU.ActiveCfg = Debug|Any CPU
		{F6B40C2C-20ED-46BC-A610-5B8E9AE7EF27}.Debug|Any CPU.Build.0 = Debug|Any CPU
		{F6B40C2C-20ED-46BC-A610-5B8E9AE7EF27}.Release|Any CPU.ActiveCfg = Release|Any CPU
		{F6B40C2C-20ED-46BC-A610-5B8E9AE7EF27}.Release|Any CPU.Build.0 = Release|Any CPU
		{9D18100E-C00C-4176-87CA-84EC47C295B1}.Debug|Any CPU.ActiveCfg = Debug|Any CPU
		{9D18100E-C00C-4176-87CA-84EC47C295B1}.Debug|Any CPU.Build.0 = Debug|Any CPU
		{9D18100E-C00C-4176-87CA-84EC47C295B1}.Release|Any CPU.ActiveCfg = Release|Any CPU
		{9D18100E-C00C-4176-87CA-84EC47C295B1}.Release|Any CPU.Build.0 = Release|Any CPU
		{31C024D5-52AF-4191-800B-E8BF13E8BBA1}.Debug|Any CPU.ActiveCfg = Debug|Any CPU
		{31C024D5-52AF-4191-800B-E8BF13E8BBA1}.Debug|Any CPU.Build.0 = Debug|Any CPU
		{31C024D5-52AF-4191-800B-E8BF13E8BBA1}.Release|Any CPU.ActiveCfg = Release|Any CPU
		{31C024D5-52AF-4191-800B-E8BF13E8BBA1}.Release|Any CPU.Build.0 = Release|Any CPU
		{09426FE4-24DE-4EE9-9A89-A7967C81302A}.Debug|Any CPU.ActiveCfg = Debug|Any CPU
		{09426FE4-24DE-4EE9-9A89-A7967C81302A}.Debug|Any CPU.Build.0 = Debug|Any CPU
		{09426FE4-24DE-4EE9-9A89-A7967C81302A}.Release|Any CPU.ActiveCfg = Release|Any CPU
		{09426FE4-24DE-4EE9-9A89-A7967C81302A}.Release|Any CPU.Build.0 = Release|Any CPU
		{1949F5FE-425E-4309-B1D3-C44323A2F176}.Debug|Any CPU.ActiveCfg = Debug|Any CPU
		{1949F5FE-425E-4309-B1D3-C44323A2F176}.Debug|Any CPU.Build.0 = Debug|Any CPU
		{1949F5FE-425E-4309-B1D3-C44323A2F176}.Release|Any CPU.ActiveCfg = Release|Any CPU
		{1949F5FE-425E-4309-B1D3-C44323A2F176}.Release|Any CPU.Build.0 = Release|Any CPU
	EndGlobalSection
	GlobalSection(SolutionProperties) = preSolution
		HideSolutionNode = FALSE
	EndGlobalSection
	GlobalSection(NestedProjects) = preSolution
		{9D18100E-C00C-4176-87CA-84EC47C295B1} = {415B5E6C-F397-4370-B558-B392562A78DB}
		{31C024D5-52AF-4191-800B-E8BF13E8BBA1} = {415B5E6C-F397-4370-B558-B392562A78DB}
		{09426FE4-24DE-4EE9-9A89-A7967C81302A} = {53D9BC44-619C-469B-BB36-240D79300828}
		{1949F5FE-425E-4309-B1D3-C44323A2F176} = {53D9BC44-619C-469B-BB36-240D79300828}
	EndGlobalSection
	GlobalSection(ExtensibilityGlobals) = postSolution
		SolutionGuid = {8C0D2555-2898-432D-9B71-7BF4F1EDE6AA}
	EndGlobalSection
EndGlobal
