
Microsoft Visual Studio Solution File, Format Version 12.00
# Visual Studio Version 17
VisualStudioVersion = 17.5.002.0
MinimumVisualStudioVersion = 10.0.40219.1
Project("{9A19103F-16F7-4668-BE54-9A1E7A4F7556}") = "HelloWorld", "HelloWorld\HelloWorld.csproj", "{63BC2183-B2C3-4191-921A-4EA61325EFC5}"
EndProject
Project("{2150E333-8FDC-42A3-9474-1A3956D46DE8}") = "Kapitel-1", "Kapitel-1", "{31B95C03-4DD6-4C43-BF5F-3E37634930DB}"
EndProject
Project("{9A19103F-16F7-4668-BE54-9A1E7A4F7556}") = "Registrering", "Kapitel-1\Registrering\Registrering.csproj", "{7AB9EC05-71FC-4848-AD05-6E9997E959E1}"
EndProject
Global
	GlobalSection(SolutionConfigurationPlatforms) = preSolution
		Debug|Any CPU = Debug|Any CPU
		Release|Any CPU = Release|Any CPU
	EndGlobalSection
	GlobalSection(ProjectConfigurationPlatforms) = postSolution
		{63BC2183-B2C3-4191-921A-4EA61325EFC5}.Debug|Any CPU.ActiveCfg = Debug|Any CPU
		{63BC2183-B2C3-4191-921A-4EA61325EFC5}.Debug|Any CPU.Build.0 = Debug|Any CPU
		{63BC2183-B2C3-4191-921A-4EA61325EFC5}.Release|Any CPU.ActiveCfg = Release|Any CPU
		{63BC2183-B2C3-4191-921A-4EA61325EFC5}.Release|Any CPU.Build.0 = Release|Any CPU
		{7AB9EC05-71FC-4848-AD05-6E9997E959E1}.Debug|Any CPU.ActiveCfg = Debug|Any CPU
		{7AB9EC05-71FC-4848-AD05-6E9997E959E1}.Debug|Any CPU.Build.0 = Debug|Any CPU
		{7AB9EC05-71FC-4848-AD05-6E9997E959E1}.Release|Any CPU.ActiveCfg = Release|Any CPU
		{7AB9EC05-71FC-4848-AD05-6E9997E959E1}.Release|Any CPU.Build.0 = Release|Any CPU
	EndGlobalSection
	GlobalSection(SolutionProperties) = preSolution
		HideSolutionNode = FALSE
	EndGlobalSection
	GlobalSection(NestedProjects) = preSolution
		{7AB9EC05-71FC-4848-AD05-6E9997E959E1} = {31B95C03-4DD6-4C43-BF5F-3E37634930DB}
	EndGlobalSection
	GlobalSection(ExtensibilityGlobals) = postSolution
		SolutionGuid = {8C0D2555-2898-432D-9B71-7BF4F1EDE6AA}
	EndGlobalSection
EndGlobal
