
Microsoft Visual Studio Solution File, Format Version 12.00
# Visual Studio Version 17
VisualStudioVersion = 17.5.002.0
MinimumVisualStudioVersion = 10.0.40219.1
Project("{9A19103F-16F7-4668-BE54-9A1E7A4F7556}") = "MassorAvMetoder", "MassorAvMetoder.csproj", "{F0728BFF-1D87-409A-9AEE-EC88EC5A4A9D}"
EndProject
Global
	GlobalSection(SolutionConfigurationPlatforms) = preSolution
		Debug|Any CPU = Debug|Any CPU
		Release|Any CPU = Release|Any CPU
	EndGlobalSection
	GlobalSection(ProjectConfigurationPlatforms) = postSolution
		{F0728BFF-1D87-409A-9AEE-EC88EC5A4A9D}.Debug|Any CPU.ActiveCfg = Debug|Any CPU
		{F0728BFF-1D87-409A-9AEE-EC88EC5A4A9D}.Debug|Any CPU.Build.0 = Debug|Any CPU
		{F0728BFF-1D87-409A-9AEE-EC88EC5A4A9D}.Release|Any CPU.ActiveCfg = Release|Any CPU
		{F0728BFF-1D87-409A-9AEE-EC88EC5A4A9D}.Release|Any CPU.Build.0 = Release|Any CPU
	EndGlobalSection
	GlobalSection(SolutionProperties) = preSolution
		HideSolutionNode = FALSE
	EndGlobalSection
	GlobalSection(ExtensibilityGlobals) = postSolution
		SolutionGuid = {BA1AA8D9-F1C7-4F4E-9795-4809442C4BBC}
	EndGlobalSection
EndGlobal
