
Microsoft Visual Studio Solution File, Format Version 12.00
# Visual Studio Version 17
VisualStudioVersion = 17.5.002.0
MinimumVisualStudioVersion = 10.0.40219.1
Project("{9A19103F-16F7-4668-BE54-9A1E7A4F7556}") = "SlumpdLista", "SlumpdLista.csproj", "{7FEF76FC-F336-4CED-B499-3855A56A8D2C}"
EndProject
Global
	GlobalSection(SolutionConfigurationPlatforms) = preSolution
		Debug|Any CPU = Debug|Any CPU
		Release|Any CPU = Release|Any CPU
	EndGlobalSection
	GlobalSection(ProjectConfigurationPlatforms) = postSolution
		{7FEF76FC-F336-4CED-B499-3855A56A8D2C}.Debug|Any CPU.ActiveCfg = Debug|Any CPU
		{7FEF76FC-F336-4CED-B499-3855A56A8D2C}.Debug|Any CPU.Build.0 = Debug|Any CPU
		{7FEF76FC-F336-4CED-B499-3855A56A8D2C}.Release|Any CPU.ActiveCfg = Release|Any CPU
		{7FEF76FC-F336-4CED-B499-3855A56A8D2C}.Release|Any CPU.Build.0 = Release|Any CPU
	EndGlobalSection
	GlobalSection(SolutionProperties) = preSolution
		HideSolutionNode = FALSE
	EndGlobalSection
	GlobalSection(ExtensibilityGlobals) = postSolution
		SolutionGuid = {F0916771-5523-4BA1-8C3B-B7072C70094B}
	EndGlobalSection
EndGlobal
