
Microsoft Visual Studio Solution File, Format Version 12.00
# Visual Studio Version 17
VisualStudioVersion = 17.5.002.0
MinimumVisualStudioVersion = 10.0.40219.1
Project("{9A19103F-16F7-4668-BE54-9A1E7A4F7556}") = "prov_2k", "prov_2k.csproj", "{0123B119-30EB-4DB7-990B-296D82FC95D8}"
EndProject
Global
	GlobalSection(SolutionConfigurationPlatforms) = preSolution
		Debug|Any CPU = Debug|Any CPU
		Release|Any CPU = Release|Any CPU
	EndGlobalSection
	GlobalSection(ProjectConfigurationPlatforms) = postSolution
		{0123B119-30EB-4DB7-990B-296D82FC95D8}.Debug|Any CPU.ActiveCfg = Debug|Any CPU
		{0123B119-30EB-4DB7-990B-296D82FC95D8}.Debug|Any CPU.Build.0 = Debug|Any CPU
		{0123B119-30EB-4DB7-990B-296D82FC95D8}.Release|Any CPU.ActiveCfg = Release|Any CPU
		{0123B119-30EB-4DB7-990B-296D82FC95D8}.Release|Any CPU.Build.0 = Release|Any CPU
	EndGlobalSection
	GlobalSection(SolutionProperties) = preSolution
		HideSolutionNode = FALSE
	EndGlobalSection
	GlobalSection(ExtensibilityGlobals) = postSolution
		SolutionGuid = {31881BE8-5AA0-4D9B-B531-1C29A6AEC239}
	EndGlobalSection
EndGlobal
